
Microsoft Visual Studio Solution File, Format Version 12.00
# Visual Studio Version 17
VisualStudioVersion = 17.8.34525.116
MinimumVisualStudioVersion = 10.0.40219.1
Project("{FAE04EC0-301F-11D3-BF4B-00C04F79EFBC}") = "Wiki OOP 2", "Wiki OOP 2\Wiki OOP 2.csproj", "{9C354C9C-59ED-4402-B7BF-DF13C57F1401}"
EndProject
Global
	GlobalSection(SolutionConfigurationPlatforms) = preSolution
		Debug|Any CPU = Debug|Any CPU
		Release|Any CPU = Release|Any CPU
	EndGlobalSection
	GlobalSection(ProjectConfigurationPlatforms) = postSolution
		{9C354C9C-59ED-4402-B7BF-DF13C57F1401}.Debug|Any CPU.ActiveCfg = Debug|Any CPU
		{9C354C9C-59ED-4402-B7BF-DF13C57F1401}.Debug|Any CPU.Build.0 = Debug|Any CPU
		{9C354C9C-59ED-4402-B7BF-DF13C57F1401}.Release|Any CPU.ActiveCfg = Release|Any CPU
		{9C354C9C-59ED-4402-B7BF-DF13C57F1401}.Release|Any CPU.Build.0 = Release|Any CPU
	EndGlobalSection
	GlobalSection(SolutionProperties) = preSolution
		HideSolutionNode = FALSE
	EndGlobalSection
	GlobalSection(ExtensibilityGlobals) = postSolution
		SolutionGuid = {DCA37E58-E8FF-41EA-A874-183609FD6C79}
	EndGlobalSection
EndGlobal
